
Microsoft Visual Studio Solution File, Format Version 12.00
# Visual Studio 15
VisualStudioVersion = 15.0.28307.852
MinimumVisualStudioVersion = 10.0.40219.1
Project("{FAE04EC0-301F-11D3-BF4B-00C04F79EFBC}") = "StudentService", "StudentService\StudentService.csproj", "{38768DAE-3589-4A26-9F01-B97164D16DC5}"
EndProject
Project("{FAE04EC0-301F-11D3-BF4B-00C04F79EFBC}") = "StudentDataAccess", "StudentDataAccess\StudentDataAccess.csproj", "{8194DD95-30EE-4C7B-A731-3D0C31E5A30D}"
EndProject
Global
	GlobalSection(SolutionConfigurationPlatforms) = preSolution
		Debug|Any CPU = Debug|Any CPU
		Release|Any CPU = Release|Any CPU
	EndGlobalSection
	GlobalSection(ProjectConfigurationPlatforms) = postSolution
		{38768DAE-3589-4A26-9F01-B97164D16DC5}.Debug|Any CPU.ActiveCfg = Debug|Any CPU
		{38768DAE-3589-4A26-9F01-B97164D16DC5}.Debug|Any CPU.Build.0 = Debug|Any CPU
		{38768DAE-3589-4A26-9F01-B97164D16DC5}.Release|Any CPU.ActiveCfg = Release|Any CPU
		{38768DAE-3589-4A26-9F01-B97164D16DC5}.Release|Any CPU.Build.0 = Release|Any CPU
		{8194DD95-30EE-4C7B-A731-3D0C31E5A30D}.Debug|Any CPU.ActiveCfg = Debug|Any CPU
		{8194DD95-30EE-4C7B-A731-3D0C31E5A30D}.Debug|Any CPU.Build.0 = Debug|Any CPU
		{8194DD95-30EE-4C7B-A731-3D0C31E5A30D}.Release|Any CPU.ActiveCfg = Release|Any CPU
		{8194DD95-30EE-4C7B-A731-3D0C31E5A30D}.Release|Any CPU.Build.0 = Release|Any CPU
	EndGlobalSection
	GlobalSection(SolutionProperties) = preSolution
		HideSolutionNode = FALSE
	EndGlobalSection
	GlobalSection(ExtensibilityGlobals) = postSolution
		SolutionGuid = {48DA63B9-742C-4881-B5D7-EFB8FD87239D}
	EndGlobalSection
EndGlobal
